
Microsoft Visual Studio Solution File, Format Version 12.00
# Visual Studio 15
VisualStudioVersion = 15.0.27004.2002
MinimumVisualStudioVersion = 10.0.40219.1
Project("{FAE04EC0-301F-11D3-BF4B-00C04F79EFBC}") = "ASPNETCoreRazorPages_MultipleFilesUpload", "ASPNETCoreRazorPages_MultipleFilesUpload\ASPNETCoreRazorPages_MultipleFilesUpload.csproj", "{B9C69346-C675-478C-855A-E9B9817EE363}"
EndProject
Global
	GlobalSection(SolutionConfigurationPlatforms) = preSolution
		Debug|Any CPU = Debug|Any CPU
		Release|Any CPU = Release|Any CPU
	EndGlobalSection
	GlobalSection(ProjectConfigurationPlatforms) = postSolution
		{B9C69346-C675-478C-855A-E9B9817EE363}.Debug|Any CPU.ActiveCfg = Debug|Any CPU
		{B9C69346-C675-478C-855A-E9B9817EE363}.Debug|Any CPU.Build.0 = Debug|Any CPU
		{B9C69346-C675-478C-855A-E9B9817EE363}.Release|Any CPU.ActiveCfg = Release|Any CPU
		{B9C69346-C675-478C-855A-E9B9817EE363}.Release|Any CPU.Build.0 = Release|Any CPU
	EndGlobalSection
	GlobalSection(SolutionProperties) = preSolution
		HideSolutionNode = FALSE
	EndGlobalSection
	GlobalSection(ExtensibilityGlobals) = postSolution
		SolutionGuid = {00D6EA64-C81D-4F95-9876-5463719AC0BF}
	EndGlobalSection
EndGlobal
